// !$*UTF8*$!
{
	archiveVersion = 1;
	classes = {
	};
	objectVersion = 50;
	objects = {

/* Begin PBXBuildFile section */
		8658E8A32252B40D00E2A10A /* AppDelegate.swift in Sources */ = {isa = PBXBuildFile; fileRef = 8658E8A22252B40D00E2A10A /* AppDelegate.swift */; };
		8658E8A52252B40D00E2A10A /* ViewController.swift in Sources */ = {isa = PBXBuildFile; fileRef = 8658E8A42252B40D00E2A10A /* ViewController.swift */; };
		8658E8A82252B40D00E2A10A /* Main.storyboard in Resources */ = {isa = PBXBuildFile; fileRef = 8658E8A62252B40D00E2A10A /* Main.storyboard */; };
		8658E8AA2252B41100E2A10A /* Assets.xcassets in Resources */ = {isa = PBXBuildFile; fileRef = 8658E8A92252B41100E2A10A /* Assets.xcassets */; };
		8658E8AD2252B41100E2A10A /* LaunchScreen.storyboard in Resources */ = {isa = PBXBuildFile; fileRef = 8658E8AB2252B41100E2A10A /* LaunchScreen.storyboard */; };
		8658E8B62252B6FA00E2A10A /* MapKit.framework in Frameworks */ = {isa = PBXBuildFile; fileRef = 8658E8B52252B6FA00E2A10A /* MapKit.framework */; };
		8672A4212252CF0B00AF19E6 /* ViewController.swift in Sources */ = {isa = PBXBuildFile; fileRef = 8658E8A42252B40D00E2A10A /* ViewController.swift */; };
		8672A4222252CF0B00AF19E6 /* AppDelegate.swift in Sources */ = {isa = PBXBuildFile; fileRef = 8658E8A22252B40D00E2A10A /* AppDelegate.swift */; };
		8672A4232252CF0B00AF19E6 /* MyPin.swift in Sources */ = {isa = PBXBuildFile; fileRef = 86BB97E12252CD550039C096 /* MyPin.swift */; };
		8672A4252252CF0B00AF19E6 /* MapKit.framework in Frameworks */ = {isa = PBXBuildFile; fileRef = 8658E8B52252B6FA00E2A10A /* MapKit.framework */; };
		8672A4272252CF0B00AF19E6 /* LaunchScreen.storyboard in Resources */ = {isa = PBXBuildFile; fileRef = 8658E8AB2252B41100E2A10A /* LaunchScreen.storyboard */; };
		8672A4282252CF0B00AF19E6 /* Assets.xcassets in Resources */ = {isa = PBXBuildFile; fileRef = 8658E8A92252B41100E2A10A /* Assets.xcassets */; };
		8672A4292252CF0B00AF19E6 /* Main.storyboard in Resources */ = {isa = PBXBuildFile; fileRef = 8658E8A62252B40D00E2A10A /* Main.storyboard */; };
		8672A4302252D3F700AF19E6 /* Default-568h@2x.png in Resources */ = {isa = PBXBuildFile; fileRef = 8672A42F2252D3F700AF19E6 /* Default-568h@2x.png */; };
		86BB97E22252CD550039C096 /* MyPin.swift in Sources */ = {isa = PBXBuildFile; fileRef = 86BB97E12252CD550039C096 /* MyPin.swift */; };
/* End PBXBuildFile section */

/* Begin PBXFileReference section */
		8658E89F2252B40D00E2A10A /* MapPin.app */ = {isa = PBXFileReference; explicitFileType = wrapper.application; includeInIndex = 0; path = MapPin.app; sourceTree = BUILT_PRODUCTS_DIR; };
		8658E8A22252B40D00E2A10A /* AppDelegate.swift */ = {isa = PBXFileReference; lastKnownFileType = sourcecode.swift; path = AppDelegate.swift; sourceTree = "<group>"; };
		8658E8A42252B40D00E2A10A /* ViewController.swift */ = {isa = PBXFileReference; lastKnownFileType = sourcecode.swift; path = ViewController.swift; sourceTree = "<group>"; };
		8658E8A72252B40D00E2A10A /* Base */ = {isa = PBXFileReference; lastKnownFileType = file.storyboard; name = Base; path = Base.lproj/Main.storyboard; sourceTree = "<group>"; };
		8658E8A92252B41100E2A10A /* Assets.xcassets */ = {isa = PBXFileReference; lastKnownFileType = folder.assetcatalog; path = Assets.xcassets; sourceTree = "<group>"; };
		8658E8AC2252B41100E2A10A /* Base */ = {isa = PBXFileReference; lastKnownFileType = file.storyboard; name = Base; path = Base.lproj/LaunchScreen.storyboard; sourceTree = "<group>"; };
		8658E8AE2252B41100E2A10A /* Info.plist */ = {isa = PBXFileReference; lastKnownFileType = text.plist.xml; path = Info.plist; sourceTree = "<group>"; };
		8658E8B52252B6FA00E2A10A /* MapKit.framework */ = {isa = PBXFileReference; lastKnownFileType = wrapper.framework; name = MapKit.framework; path = System/Library/Frameworks/MapKit.framework; sourceTree = SDKROOT; };
		8672A42D2252CF0B00AF19E6 /* MapPinSatellite.app */ = {isa = PBXFileReference; explicitFileType = wrapper.application; includeInIndex = 0; path = MapPinSatellite.app; sourceTree = BUILT_PRODUCTS_DIR; };
		8672A42E2252CF0B00AF19E6 /* MapPinSatellite-Info.plist */ = {isa = PBXFileReference; lastKnownFileType = text.plist.xml; name = "MapPinSatellite-Info.plist"; path = "/Users/williamboney/Desktop/MapPin/MapPinSatellite-Info.plist"; sourceTree = "<absolute>"; };
		8672A42F2252D3F700AF19E6 /* Default-568h@2x.png */ = {isa = PBXFileReference; lastKnownFileType = image.png; path = "Default-568h@2x.png"; sourceTree = "<group>"; };
		86BB97E12252CD550039C096 /* MyPin.swift */ = {isa = PBXFileReference; lastKnownFileType = sourcecode.swift; path = MyPin.swift; sourceTree = "<group>"; };
/* End PBXFileReference section */

/* Begin PBXFrameworksBuildPhase section */
		8658E89C2252B40D00E2A10A /* Frameworks */ = {
			isa = PBXFrameworksBuildPhase;
			buildActionMask = 2147483647;
			files = (
				8658E8B62252B6FA00E2A10A /* MapKit.framework in Frameworks */,
			);
			runOnlyForDeploymentPostprocessing = 0;
		};
		8672A4242252CF0B00AF19E6 /* Frameworks */ = {
			isa = PBXFrameworksBuildPhase;
			buildActionMask = 2147483647;
			files = (
				8672A4252252CF0B00AF19E6 /* MapKit.framework in Frameworks */,
			);
			runOnlyForDeploymentPostprocessing = 0;
		};
/* End PBXFrameworksBuildPhase section */

/* Begin PBXGroup section */
		8658E8962252B40D00E2A10A = {
			isa = PBXGroup;
			children = (
				8672A42F2252D3F700AF19E6 /* Default-568h@2x.png */,
				8658E8A12252B40D00E2A10A /* MapPin */,
				8658E8A02252B40D00E2A10A /* Products */,
				8658E8B42252B6F900E2A10A /* Frameworks */,
				8672A42E2252CF0B00AF19E6 /* MapPinSatellite-Info.plist */,
			);
			sourceTree = "<group>";
		};
		8658E8A02252B40D00E2A10A /* Products */ = {
			isa = PBXGroup;
			children = (
				8658E89F2252B40D00E2A10A /* MapPin.app */,
				8672A42D2252CF0B00AF19E6 /* MapPinSatellite.app */,
			);
			name = Products;
			sourceTree = "<group>";
		};
		8658E8A12252B40D00E2A10A /* MapPin */ = {
			isa = PBXGroup;
			children = (
				8658E8A22252B40D00E2A10A /* AppDelegate.swift */,
				8658E8A42252B40D00E2A10A /* ViewController.swift */,
				8658E8A62252B40D00E2A10A /* Main.storyboard */,
				8658E8A92252B41100E2A10A /* Assets.xcassets */,
				8658E8AB2252B41100E2A10A /* LaunchScreen.storyboard */,
				8658E8AE2252B41100E2A10A /* Info.plist */,
				86BB97E12252CD550039C096 /* MyPin.swift */,
			);
			path = MapPin;
			sourceTree = "<group>";
		};
		8658E8B42252B6F900E2A10A /* Frameworks */ = {
			isa = PBXGroup;
			children = (
				8658E8B52252B6FA00E2A10A /* MapKit.framework */,
			);
			name = Frameworks;
			sourceTree = "<group>";
		};
/* End PBXGroup section */

/* Begin PBXNativeTarget section */
		8658E89E2252B40D00E2A10A /* MapPin */ = {
			isa = PBXNativeTarget;
			buildConfigurationList = 8658E8B12252B41100E2A10A /* Build configuration list for PBXNativeTarget "MapPin" */;
			buildPhases = (
				8658E89B2252B40D00E2A10A /* Sources */,
				8658E89C2252B40D00E2A10A /* Frameworks */,
				8658E89D2252B40D00E2A10A /* Resources */,
			);
			buildRules = (
			);
			dependencies = (
			);
			name = MapPin;
			productName = MapPin;
			productReference = 8658E89F2252B40D00E2A10A /* MapPin.app */;
			productType = "com.apple.product-type.application";
		};
		8672A41F2252CF0B00AF19E6 /* MapPinSatelite */ = {
			isa = PBXNativeTarget;
			buildConfigurationList = 8672A42A2252CF0B00AF19E6 /* Build configuration list for PBXNativeTarget "MapPinSatelite" */;
			buildPhases = (
				8672A4202252CF0B00AF19E6 /* Sources */,
				8672A4242252CF0B00AF19E6 /* Frameworks */,
				8672A4262252CF0B00AF19E6 /* Resources */,
			);
			buildRules = (
			);
			dependencies = (
			);
			name = MapPinSatelite;
			productName = MapPin;
			productReference = 8672A42D2252CF0B00AF19E6 /* MapPinSatellite.app */;
			productType = "com.apple.product-type.application";
		};
/* End PBXNativeTarget section */

/* Begin PBXProject section */
		8658E8972252B40D00E2A10A /* Project object */ = {
			isa = PBXProject;
			attributes = {
				LastSwiftUpdateCheck = 1020;
				LastUpgradeCheck = 1020;
				ORGANIZATIONNAME = "william boney";
				TargetAttributes = {
					8658E89E2252B40D00E2A10A = {
						CreatedOnToolsVersion = 10.2;
					};
				};
			};
			buildConfigurationList = 8658E89A2252B40D00E2A10A /* Build configuration list for PBXProject "MapPin" */;
			compatibilityVersion = "Xcode 9.3";
			developmentRegion = en;
			hasScannedForEncodings = 0;
			knownRegions = (
				en,
				Base,
			);
			mainGroup = 8658E8962252B40D00E2A10A;
			productRefGroup = 8658E8A02252B40D00E2A10A /* Products */;
			projectDirPath = "";
			projectRoot = "";
			targets = (
				8658E89E2252B40D00E2A10A /* MapPin */,
				8672A41F2252CF0B00AF19E6 /* MapPinSatelite */,
			);
		};
/* End PBXProject section */

/* Begin PBXResourcesBuildPhase section */
		8658E89D2252B40D00E2A10A /* Resources */ = {
			isa = PBXResourcesBuildPhase;
			buildActionMask = 2147483647;
			files = (
				8658E8AD2252B41100E2A10A /* LaunchScreen.storyboard in Resources */,
				8658E8AA2252B41100E2A10A /* Assets.xcassets in Resources */,
				8658E8A82252B40D00E2A10A /* Main.storyboard in Resources */,
			);
			runOnlyForDeploymentPostprocessing = 0;
		};
		8672A4262252CF0B00AF19E6 /* Resources */ = {
			isa = PBXResourcesBuildPhase;
			buildActionMask = 2147483647;
			files = (
				8672A4272252CF0B00AF19E6 /* LaunchScreen.storyboard in Resources */,
				8672A4302252D3F700AF19E6 /* Default-568h@2x.png in Resources */,
				8672A4282252CF0B00AF19E6 /* Assets.xcassets in Resources */,
				8672A4292252CF0B00AF19E6 /* Main.storyboard in Resources */,
			);
			runOnlyForDeploymentPostprocessing = 0;
		};
/* End PBXResourcesBuildPhase section */

/* Begin PBXSourcesBuildPhase section */
		8658E89B2252B40D00E2A10A /* Sources */ = {
			isa = PBXSourcesBuildPhase;
			buildActionMask = 2147483647;
			files = (
				8658E8A52252B40D00E2A10A /* ViewController.swift in Sources */,
				8658E8A32252B40D00E2A10A /* AppDelegate.swift in Sources */,
				86BB97E22252CD550039C096 /* MyPin.swift in Sources */,
			);
			runOnlyForDeploymentPostprocessing = 0;
		};
		8672A4202252CF0B00AF19E6 /* Sources */ = {
			isa = PBXSourcesBuildPhase;
			buildActionMask = 2147483647;
			files = (
				8672A4212252CF0B00AF19E6 /* ViewController.swift in Sources */,
				8672A4222252CF0B00AF19E6 /* AppDelegate.swift in Sources */,
				8672A4232252CF0B00AF19E6 /* MyPin.swift in Sources */,
			);
			runOnlyForDeploymentPostprocessing = 0;
		};
/* End PBXSourcesBuildPhase section */

/* Begin PBXVariantGroup section */
		8658E8A62252B40D00E2A10A /* Main.storyboard */ = {
			isa = PBXVariantGroup;
			children = (
				8658E8A72252B40D00E2A10A /* Base */,
			);
			name = Main.storyboard;
			sourceTree = "<group>";
		};
		8658E8AB2252B41100E2A10A /* LaunchScreen.storyboard */ = {
			isa = PBXVariantGroup;
			children = (
				8658E8AC2252B41100E2A10A /* Base */,
			);
			name = LaunchScreen.storyboard;
			sourceTree = "<group>";
		};
/* End PBXVariantGroup section */

/* Begin XCBuildConfiguration section */
		8658E8AF2252B41100E2A10A /* Debug */ = {
			isa = XCBuildConfiguration;
			buildSettings = {
				ALWAYS_SEARCH_USER_PATHS = NO;
				CLANG_ANALYZER_NONNULL = YES;
				CLANG_ANALYZER_NUMBER_OBJECT_CONVERSION = YES_AGGRESSIVE;
				CLANG_CXX_LANGUAGE_STANDARD = "gnu++14";
				CLANG_CXX_LIBRARY = "libc++";
				CLANG_ENABLE_MODULES = YES;
				CLANG_ENABLE_OBJC_ARC = YES;
				CLANG_ENABLE_OBJC_WEAK = YES;
				CLANG_WARN_BLOCK_CAPTURE_AUTORELEASING = YES;
				CLANG_WARN_BOOL_CONVERSION = YES;
				CLANG_WARN_COMMA = YES;
				CLANG_WARN_CONSTANT_CONVERSION = YES;
				CLANG_WARN_DEPRECATED_OBJC_IMPLEMENTATIONS = YES;
				CLANG_WARN_DIRECT_OBJC_ISA_USAGE = YES_ERROR;
				CLANG_WARN_DOCUMENTATION_COMMENTS = YES;
				CLANG_WARN_EMPTY_BODY = YES;
				CLANG_WARN_ENUM_CONVERSION = YES;
				CLANG_WARN_INFINITE_RECURSION = YES;
				CLANG_WARN_INT_CONVERSION = YES;
				CLANG_WARN_NON_LITERAL_NULL_CONVERSION = YES;
				CLANG_WARN_OBJC_IMPLICIT_RETAIN_SELF = YES;
				CLANG_WARN_OBJC_LITERAL_CONVERSION = YES;
				CLANG_WARN_OBJC_ROOT_CLASS = YES_ERROR;
				CLANG_WARN_RANGE_LOOP_ANALYSIS = YES;
				CLANG_WARN_STRICT_PROTOTYPES = YES;
				CLANG_WARN_SUSPICIOUS_MOVE = YES;
				CLANG_WARN_UNGUARDED_AVAILABILITY = YES_AGGRESSIVE;
				CLANG_WARN_UNREACHABLE_CODE = YES;
				CLANG_WARN__DUPLICATE_METHOD_MATCH = YES;
				CODE_SIGN_IDENTITY = "iPhone Developer";
				COPY_PHASE_STRIP = NO;
				DEBUG_INFORMATION_FORMAT = dwarf;
				ENABLE_STRICT_OBJC_MSGSEND = YES;
				ENABLE_TESTABILITY = YES;
				GCC_C_LANGUAGE_STANDARD = gnu11;
				GCC_DYNAMIC_NO_PIC = NO;
				GCC_NO_COMMON_BLOCKS = YES;
				GCC_OPTIMIZATION_LEVEL = 0;
				GCC_PREPROCESSOR_DEFINITIONS = (
					"DEBUG=1",
					"$(inherited)",
				);
				GCC_WARN_64_TO_32_BIT_CONVERSION = YES;
				GCC_WARN_ABOUT_RETURN_TYPE = YES_ERROR;
				GCC_WARN_UNDECLARED_SELECTOR = YES;
				GCC_WARN_UNINITIALIZED_AUTOS = YES_AGGRESSIVE;
				GCC_WARN_UNUSED_FUNCTION = YES;
				GCC_WARN_UNUSED_VARIABLE = YES;
				IPHONEOS_DEPLOYMENT_TARGET = 12.2;
				MTL_ENABLE_DEBUG_INFO = INCLUDE_SOURCE;
				MTL_FAST_MATH = YES;
				ONLY_ACTIVE_ARCH = YES;
				SDKROOT = iphoneos;
				SWIFT_ACTIVE_COMPILATION_CONDITIONS = DEBUG;
				SWIFT_OPTIMIZATION_LEVEL = "-Onone";
			};
			name = Debug;
		};
		8658E8B02252B41100E2A10A /* Release */ = {
			isa = XCBuildConfiguration;
			buildSettings = {
				ALWAYS_SEARCH_USER_PATHS = NO;
				CLANG_ANALYZER_NONNULL = YES;
				CLANG_ANALYZER_NUMBER_OBJECT_CONVERSION = YES_AGGRESSIVE;
				CLANG_CXX_LANGUAGE_STANDARD = "gnu++14";
				CLANG_CXX_LIBRARY = "libc++";
				CLANG_ENABLE_MODULES = YES;
				CLANG_ENABLE_OBJC_ARC = YES;
				CLANG_ENABLE_OBJC_WEAK = YES;
				CLANG_WARN_BLOCK_CAPTURE_AUTORELEASING = YES;
				CLANG_WARN_BOOL_CONVERSION = YES;
				CLANG_WARN_COMMA = YES;
				CLANG_WARN_CONSTANT_CONVERSION = YES;
				CLANG_WARN_DEPRECATED_OBJC_IMPLEMENTATIONS = YES;
				CLANG_WARN_DIRECT_OBJC_ISA_USAGE = YES_ERROR;
				CLANG_WARN_DOCUMENTATION_COMMENTS = YES;
				CLANG_WARN_EMPTY_BODY = YES;
				CLANG_WARN_ENUM_CONVERSION = YES;
				CLANG_WARN_INFINITE_RECURSION = YES;
				CLANG_WARN_INT_CONVERSION = YES;
				CLANG_WARN_NON_LITERAL_NULL_CONVERSION = YES;
				CLANG_WARN_OBJC_IMPLICIT_RETAIN_SELF = YES;
				CLANG_WARN_OBJC_LITERAL_CONVERSION = YES;
				CLANG_WARN_OBJC_ROOT_CLASS = YES_ERROR;
				CLANG_WARN_RANGE_LOOP_ANALYSIS = YES;
				CLANG_WARN_STRICT_PROTOTYPES = YES;
				CLANG_WARN_SUSPICIOUS_MOVE = YES;
				CLANG_WARN_UNGUARDED_AVAILABILITY = YES_AGGRESSIVE;
				CLANG_WARN_UNREACHABLE_CODE = YES;
				CLANG_WARN__DUPLICATE_METHOD_MATCH = YES;
				CODE_SIGN_IDENTITY = "iPhone Developer";
				COPY_PHASE_STRIP = NO;
				DEBUG_INFORMATION_FORMAT = "dwarf-with-dsym";
				ENABLE_NS_ASSERTIONS = NO;
				ENABLE_STRICT_OBJC_MSGSEND = YES;
				GCC_C_LANGUAGE_STANDARD = gnu11;
				GCC_NO_COMMON_BLOCKS = YES;
				GCC_WARN_64_TO_32_BIT_CONVERSION = YES;
				GCC_WARN_ABOUT_RETURN_TYPE = YES_ERROR;
				GCC_WARN_UNDECLARED_SELECTOR = YES;
				GCC_WARN_UNINITIALIZED_AUTOS = YES_AGGRESSIVE;
				GCC_WARN_UNUSED_FUNCTION = YES;
				GCC_WARN_UNUSED_VARIABLE = YES;
				IPHONEOS_DEPLOYMENT_TARGET = 12.2;
				MTL_ENABLE_DEBUG_INFO = NO;
				MTL_FAST_MATH = YES;
				SDKROOT = iphoneos;
				SWIFT_COMPILATION_MODE = wholemodule;
				SWIFT_OPTIMIZATION_LEVEL = "-O";
				VALIDATE_PRODUCT = YES;
			};
			name = Release;
		};
		8658E8B22252B41100E2A10A /* Debug */ = {
			isa = XCBuildConfiguration;
			buildSettings = {
				ASSETCATALOG_COMPILER_APPICON_NAME = AppIcon;
				CODE_SIGN_STYLE = Automatic;
				DEVELOPMENT_TEAM = D75HHS9KD2;
				INFOPLIST_FILE = MapPin/Info.plist;
				LD_RUNPATH_SEARCH_PATHS = (
					"$(inherited)",
					"@executable_path/Frameworks",
				);
				PRODUCT_BUNDLE_IDENTIFIER = Boney.MapPin;
				PRODUCT_NAME = "$(TARGET_NAME)";
				SWIFT_VERSION = 5.0;
				TARGETED_DEVICE_FAMILY = "1,2";
			};
			name = Debug;
		};
		8658E8B32252B41100E2A10A /* Release */ = {
			isa = XCBuildConfiguration;
			buildSettings = {
				ASSETCATALOG_COMPILER_APPICON_NAME = AppIcon;
				CODE_SIGN_STYLE = Automatic;
				DEVELOPMENT_TEAM = D75HHS9KD2;
				INFOPLIST_FILE = MapPin/Info.plist;
				LD_RUNPATH_SEARCH_PATHS = (
					"$(inherited)",
					"@executable_path/Frameworks",
				);
				PRODUCT_BUNDLE_IDENTIFIER = Boney.MapPin;
				PRODUCT_NAME = "$(TARGET_NAME)";
				SWIFT_VERSION = 5.0;
				TARGETED_DEVICE_FAMILY = "1,2";
			};
			name = Release;
		};
		8672A42B2252CF0B00AF19E6 /* Debug */ = {
			isa = XCBuildConfiguration;
			buildSettings = {
				ASSETCATALOG_COMPILER_APPICON_NAME = AppIcon;
				CODE_SIGN_IDENTITY = "iPhone Developer";
				CODE_SIGN_STYLE = Automatic;
				DEVELOPMENT_TEAM = "";
				INFOPLIST_FILE = "MapPinSatellite-Info.plist";
				LD_RUNPATH_SEARCH_PATHS = (
					"$(inherited)",
					"@executable_path/Frameworks",
				);
				PRODUCT_BUNDLE_IDENTIFIER = Boney.MapPinSatelite;
				PRODUCT_NAME = MapPinSatellite;
				PROVISIONING_PROFILE_SPECIFIER = "";
				SWIFT_VERSION = 5.0;
				TARGETED_DEVICE_FAMILY = "1,2";
			};
			name = Debug;
		};
		8672A42C2252CF0B00AF19E6 /* Release */ = {
			isa = XCBuildConfiguration;
			buildSettings = {
				ASSETCATALOG_COMPILER_APPICON_NAME = AppIcon;
				CODE_SIGN_IDENTITY = "iPhone Developer";
				CODE_SIGN_STYLE = Automatic;
				DEVELOPMENT_TEAM = "";
				INFOPLIST_FILE = "MapPinSatellite-Info.plist";
				LD_RUNPATH_SEARCH_PATHS = (
					"$(inherited)",
					"@executable_path/Frameworks",
				);
				PRODUCT_BUNDLE_IDENTIFIER = Boney.MapPinSatelite;
				PRODUCT_NAME = MapPinSatellite;
				PROVISIONING_PROFILE_SPECIFIER = "";
				SWIFT_VERSION = 5.0;
				TARGETED_DEVICE_FAMILY = "1,2";
			};
			name = Release;
		};
/* End XCBuildConfiguration section */

/* Begin XCConfigurationList section */
		8658E89A2252B40D00E2A10A /* Build configuration list for PBXProject "MapPin" */ = {
			isa = XCConfigurationList;
			buildConfigurations = (
				8658E8AF2252B41100E2A10A /* Debug */,
				8658E8B02252B41100E2A10A /* Release */,
			);
			defaultConfigurationIsVisible = 0;
			defaultConfigurationName = Release;
		};
		8658E8B12252B41100E2A10A /* Build configuration list for PBXNativeTarget "MapPin" */ = {
			isa = XCConfigurationList;
			buildConfigurations = (
				8658E8B22252B41100E2A10A /* Debug */,
				8658E8B32252B41100E2A10A /* Release */,
			);
			defaultConfigurationIsVisible = 0;
			defaultConfigurationName = Release;
		};
		8672A42A2252CF0B00AF19E6 /* Build configuration list for PBXNativeTarget "MapPinSatelite" */ = {
			isa = XCConfigurationList;
			buildConfigurations = (
				8672A42B2252CF0B00AF19E6 /* Debug */,
				8672A42C2252CF0B00AF19E6 /* Release */,
			);
			defaultConfigurationIsVisible = 0;
			defaultConfigurationName = Release;
		};
/* End XCConfigurationList section */
	};
	rootObject = 8658E8972252B40D00E2A10A /* Project object */;
}
